
Microsoft Visual Studio Solution File, Format Version 12.00
# Visual Studio Version 17
VisualStudioVersion = 17.13.35931.197 d17.13
MinimumVisualStudioVersion = 10.0.40219.1
Project("{FAE04EC0-301F-11D3-BF4B-00C04F79EFBC}") = "WindowsFormsApp1", "WindowsFormsApp1\WindowsFormsApp1.csproj", "{14EDC93B-EEC3-4D31-B00B-7EC8FF2F2485}"
EndProject
Global
	GlobalSection(SolutionConfigurationPlatforms) = preSolution
		Debug|Any CPU = Debug|Any CPU
		Release|Any CPU = Release|Any CPU
	EndGlobalSection
	GlobalSection(ProjectConfigurationPlatforms) = postSolution
		{14EDC93B-EEC3-4D31-B00B-7EC8FF2F2485}.Debug|Any CPU.ActiveCfg = Debug|Any CPU
		{14EDC93B-EEC3-4D31-B00B-7EC8FF2F2485}.Debug|Any CPU.Build.0 = Debug|Any CPU
		{14EDC93B-EEC3-4D31-B00B-7EC8FF2F2485}.Release|Any CPU.ActiveCfg = Release|Any CPU
		{14EDC93B-EEC3-4D31-B00B-7EC8FF2F2485}.Release|Any CPU.Build.0 = Release|Any CPU
	EndGlobalSection
	GlobalSection(SolutionProperties) = preSolution
		HideSolutionNode = FALSE
	EndGlobalSection
	GlobalSection(ExtensibilityGlobals) = postSolution
		SolutionGuid = {137E8F81-1346-41DD-91D1-DDBCD67D5944}
	EndGlobalSection
EndGlobal
